
Microsoft Visual Studio Solution File, Format Version 12.00
# Visual Studio Version 16
VisualStudioVersion = 16.0.29418.71
MinimumVisualStudioVersion = 10.0.40219.1
Project("{FAE04EC0-301F-11D3-BF4B-00C04F79EFBC}") = "SustainabilityDBM", "SustainabilityDBM\SustainabilityDBM.csproj", "{59093694-3627-4BA5-A3BC-992FB000A302}"
EndProject
Project("{FAE04EC0-301F-11D3-BF4B-00C04F79EFBC}") = "ExcelLib", "ExcelLib\ExcelLib.csproj", "{4526F9AA-5C6F-4D68-9EB2-5AFECD477174}"
EndProject
Global
	GlobalSection(SolutionConfigurationPlatforms) = preSolution
		Debug|Any CPU = Debug|Any CPU
		Release|Any CPU = Release|Any CPU
	EndGlobalSection
	GlobalSection(ProjectConfigurationPlatforms) = postSolution
		{59093694-3627-4BA5-A3BC-992FB000A302}.Debug|Any CPU.ActiveCfg = Debug|Any CPU
		{59093694-3627-4BA5-A3BC-992FB000A302}.Debug|Any CPU.Build.0 = Debug|Any CPU
		{59093694-3627-4BA5-A3BC-992FB000A302}.Release|Any CPU.ActiveCfg = Release|Any CPU
		{59093694-3627-4BA5-A3BC-992FB000A302}.Release|Any CPU.Build.0 = Release|Any CPU
		{4526F9AA-5C6F-4D68-9EB2-5AFECD477174}.Debug|Any CPU.ActiveCfg = Debug|Any CPU
		{4526F9AA-5C6F-4D68-9EB2-5AFECD477174}.Debug|Any CPU.Build.0 = Debug|Any CPU
		{4526F9AA-5C6F-4D68-9EB2-5AFECD477174}.Release|Any CPU.ActiveCfg = Release|Any CPU
		{4526F9AA-5C6F-4D68-9EB2-5AFECD477174}.Release|Any CPU.Build.0 = Release|Any CPU
	EndGlobalSection
	GlobalSection(SolutionProperties) = preSolution
		HideSolutionNode = FALSE
	EndGlobalSection
	GlobalSection(ExtensibilityGlobals) = postSolution
		SolutionGuid = {709D6988-9B4B-4556-A39E-695061D3E19B}
	EndGlobalSection
EndGlobal
